
Microsoft Visual Studio Solution File, Format Version 12.00
# Visual Studio 15
VisualStudioVersion = 15.0.26124.0
MinimumVisualStudioVersion = 15.0.26124.0
Project("{2150E333-8FDC-42A3-9474-1A3956D46DE8}") = "src", "src", "{5E1318C0-70A7-4BA0-BCE3-DD8E1712283E}"
EndProject
Project("{FAE04EC0-301F-11D3-BF4B-00C04F79EFBC}") = "isen.Dotnet.ConsoleApp", "src\isen.Dotnet.ConsoleApp\isen.Dotnet.ConsoleApp.csproj", "{D154E3F0-CAA8-4345-8D50-3E3EF46C57BB}"
EndProject
Project("{FAE04EC0-301F-11D3-BF4B-00C04F79EFBC}") = "isen.Dotnet.Library", "src\isen.Dotnet.Library\isen.Dotnet.Library.csproj", "{4FA4AEF5-4001-4F8E-A985-4F27CF3DEAE9}"
EndProject
Global
	GlobalSection(SolutionConfigurationPlatforms) = preSolution
		Debug|Any CPU = Debug|Any CPU
		Debug|x64 = Debug|x64
		Debug|x86 = Debug|x86
		Release|Any CPU = Release|Any CPU
		Release|x64 = Release|x64
		Release|x86 = Release|x86
	EndGlobalSection
	GlobalSection(SolutionProperties) = preSolution
		HideSolutionNode = FALSE
	EndGlobalSection
	GlobalSection(ProjectConfigurationPlatforms) = postSolution
		{D154E3F0-CAA8-4345-8D50-3E3EF46C57BB}.Debug|Any CPU.ActiveCfg = Debug|Any CPU
		{D154E3F0-CAA8-4345-8D50-3E3EF46C57BB}.Debug|Any CPU.Build.0 = Debug|Any CPU
		{D154E3F0-CAA8-4345-8D50-3E3EF46C57BB}.Debug|x64.ActiveCfg = Debug|Any CPU
		{D154E3F0-CAA8-4345-8D50-3E3EF46C57BB}.Debug|x64.Build.0 = Debug|Any CPU
		{D154E3F0-CAA8-4345-8D50-3E3EF46C57BB}.Debug|x86.ActiveCfg = Debug|Any CPU
		{D154E3F0-CAA8-4345-8D50-3E3EF46C57BB}.Debug|x86.Build.0 = Debug|Any CPU
		{D154E3F0-CAA8-4345-8D50-3E3EF46C57BB}.Release|Any CPU.ActiveCfg = Release|Any CPU
		{D154E3F0-CAA8-4345-8D50-3E3EF46C57BB}.Release|Any CPU.Build.0 = Release|Any CPU
		{D154E3F0-CAA8-4345-8D50-3E3EF46C57BB}.Release|x64.ActiveCfg = Release|Any CPU
		{D154E3F0-CAA8-4345-8D50-3E3EF46C57BB}.Release|x64.Build.0 = Release|Any CPU
		{D154E3F0-CAA8-4345-8D50-3E3EF46C57BB}.Release|x86.ActiveCfg = Release|Any CPU
		{D154E3F0-CAA8-4345-8D50-3E3EF46C57BB}.Release|x86.Build.0 = Release|Any CPU
		{4FA4AEF5-4001-4F8E-A985-4F27CF3DEAE9}.Debug|Any CPU.ActiveCfg = Debug|Any CPU
		{4FA4AEF5-4001-4F8E-A985-4F27CF3DEAE9}.Debug|Any CPU.Build.0 = Debug|Any CPU
		{4FA4AEF5-4001-4F8E-A985-4F27CF3DEAE9}.Debug|x64.ActiveCfg = Debug|Any CPU
		{4FA4AEF5-4001-4F8E-A985-4F27CF3DEAE9}.Debug|x64.Build.0 = Debug|Any CPU
		{4FA4AEF5-4001-4F8E-A985-4F27CF3DEAE9}.Debug|x86.ActiveCfg = Debug|Any CPU
		{4FA4AEF5-4001-4F8E-A985-4F27CF3DEAE9}.Debug|x86.Build.0 = Debug|Any CPU
		{4FA4AEF5-4001-4F8E-A985-4F27CF3DEAE9}.Release|Any CPU.ActiveCfg = Release|Any CPU
		{4FA4AEF5-4001-4F8E-A985-4F27CF3DEAE9}.Release|Any CPU.Build.0 = Release|Any CPU
		{4FA4AEF5-4001-4F8E-A985-4F27CF3DEAE9}.Release|x64.ActiveCfg = Release|Any CPU
		{4FA4AEF5-4001-4F8E-A985-4F27CF3DEAE9}.Release|x64.Build.0 = Release|Any CPU
		{4FA4AEF5-4001-4F8E-A985-4F27CF3DEAE9}.Release|x86.ActiveCfg = Release|Any CPU
		{4FA4AEF5-4001-4F8E-A985-4F27CF3DEAE9}.Release|x86.Build.0 = Release|Any CPU
	EndGlobalSection
	GlobalSection(NestedProjects) = preSolution
		{D154E3F0-CAA8-4345-8D50-3E3EF46C57BB} = {5E1318C0-70A7-4BA0-BCE3-DD8E1712283E}
		{4FA4AEF5-4001-4F8E-A985-4F27CF3DEAE9} = {5E1318C0-70A7-4BA0-BCE3-DD8E1712283E}
	EndGlobalSection
EndGlobal
